
Microsoft Visual Studio Solution File, Format Version 12.00
# Visual Studio Version 16
VisualStudioVersion = 16.0.29424.173
MinimumVisualStudioVersion = 10.0.40219.1
Project("{FAE04EC0-301F-11D3-BF4B-00C04F79EFBC}") = "ApuAnimalsHotel", "ApuAnimalsHotel\ApuAnimalsHotel.csproj", "{AB98FC48-BBDD-4FB4-BCE8-B07A6C991985}"
EndProject
Global
	GlobalSection(SolutionConfigurationPlatforms) = preSolution
		Debug|Any CPU = Debug|Any CPU
		Release|Any CPU = Release|Any CPU
	EndGlobalSection
	GlobalSection(ProjectConfigurationPlatforms) = postSolution
		{AB98FC48-BBDD-4FB4-BCE8-B07A6C991985}.Debug|Any CPU.ActiveCfg = Debug|Any CPU
		{AB98FC48-BBDD-4FB4-BCE8-B07A6C991985}.Debug|Any CPU.Build.0 = Debug|Any CPU
		{AB98FC48-BBDD-4FB4-BCE8-B07A6C991985}.Release|Any CPU.ActiveCfg = Release|Any CPU
		{AB98FC48-BBDD-4FB4-BCE8-B07A6C991985}.Release|Any CPU.Build.0 = Release|Any CPU
	EndGlobalSection
	GlobalSection(SolutionProperties) = preSolution
		HideSolutionNode = FALSE
	EndGlobalSection
	GlobalSection(ExtensibilityGlobals) = postSolution
		SolutionGuid = {88ADC4B7-02FB-467D-A450-BF5A71C18187}
	EndGlobalSection
EndGlobal
